{
  "name": "rhx",
  "version": "0.3.2",
  "lockfileVersion": 3,
  "requires": true,
  "packages": {
    "": {
      "name": "rhx",
      "version": "0.3.2",
      "license": "MIT",
      "dependencies": {
        "rhx-darwin-arm64": "0.3.2"
      },
      "bin": {
        "rhx": "bin/rhx.cjs"
      },
      "engines": {
        "node": ">=18"
      },
      "optionalDependencies": {
        "rhx-darwin-arm64": "0.3.2",
        "rhx-linux-x64": "0.3.2",
        "rhx-win32-x64": "0.3.2"
      }
    },
    "node_modules/rhx-darwin-arm64": {
      "version": "0.3.2",
      "resolved": "https://registry.npmjs.org/rhx-darwin-arm64/-/rhx-darwin-arm64-0.3.2.tgz",
      "integrity": "sha512-tVl3A/MqXomPXeGNcMsG8sF/9VldEySNgQTqmiEEBA+KdEhm/rfNuxThaNWbdoCc/bUeBZOsA8gJwbKsW5gC5Q==",
      "cpu": [
        "arm64"
      ],
      "license": "MIT",
      "optional": true,
      "os": [
        "darwin"
      ],
      "bin": {
        "rhx-native": "bin/rhx"
      }
    },
    "node_modules/rhx-linux-x64": {
      "version": "0.3.2",
      "resolved": "https://registry.npmjs.org/rhx-linux-x64/-/rhx-linux-x64-0.3.2.tgz",
      "integrity": "sha512-39Z1HM0cnaKSUrqRhluA9JL7Bs3BLmyXGqS9qDrZPVTeUItjbBAV6RSzjtylTbkv1SXporqU1JQpXhKbJsSWQw==",
      "cpu": [
        "x64"
      ],
      "license": "MIT",
      "optional": true,
      "os": [
        "linux"
      ],
      "bin": {
        "rhx-native": "bin/rhx"
      }
    },
    "node_modules/rhx-win32-x64": {
      "version": "0.3.2",
      "resolved": "https://registry.npmjs.org/rhx-win32-x64/-/rhx-win32-x64-0.3.2.tgz",
      "integrity": "sha512-5qh1KxKM9ft2gFhMavp9vOzazByaAn9yUtgtjYhJo0050Z4MbQxBU30isqUTjE2DWh51ZD6746pG8AjYzOqJmA==",
      "cpu": [
        "x64"
      ],
      "license": "MIT",
      "optional": true,
      "os": [
        "win32"
      ],
      "bin": {
        "rhx-native": "bin/rhx.exe"
      }
    }
  }
}
