{
  "name": "rhx",
  "version": "0.3.2",
  "lockfileVersion": 3,
  "requires": true,
  "packages": {
    "": {
      "name": "rhx",
      "version": "0.3.2",
      "license": "MIT",
      "dependencies": {
        "rhx-darwin-arm64": "0.3.1"
      },
      "bin": {
        "rhx": "bin/rhx.cjs"
      },
      "engines": {
        "node": ">=18"
      },
      "optionalDependencies": {
        "rhx-darwin-arm64": "0.3.1",
        "rhx-linux-x64": "0.3.2",
        "rhx-win32-x64": "0.3.2"
      }
    },
    "node_modules/rhx-darwin-arm64": {
      "version": "0.3.1",
      "resolved": "https://registry.npmjs.org/rhx-darwin-arm64/-/rhx-darwin-arm64-0.3.1.tgz",
      "integrity": "sha512-PC7CzYFz73VAWIRt2D2AouLP37rCJjQndZqheX0JbgljPEi5l0LqP9XBt7d/0OKS4jV9nkvIor4fZHzlUxwV6g==",
      "cpu": [
        "arm64"
      ],
      "license": "MIT",
      "optional": true,
      "os": [
        "darwin"
      ],
      "bin": {
        "rhx-native": "bin/rhx"
      }
    },
    "node_modules/rhx-linux-x64": {
      "optional": true
    },
    "node_modules/rhx-win32-x64": {
      "optional": true
    }
  }
}
