{
  "name": "rhx",
  "version": "0.3.2",
  "lockfileVersion": 3,
  "requires": true,
  "packages": {
    "": {
      "name": "rhx",
      "version": "0.3.2",
      "license": "MIT",
      "dependencies": {
        "rhx-win32-x64": "0.3.1"
      },
      "bin": {
        "rhx": "bin/rhx.cjs"
      },
      "engines": {
        "node": ">=18"
      },
      "optionalDependencies": {
        "rhx-darwin-arm64": "0.3.2",
        "rhx-linux-x64": "0.3.2",
        "rhx-win32-x64": "0.3.1"
      }
    },
    "node_modules/rhx-darwin-arm64": {
      "optional": true
    },
    "node_modules/rhx-linux-x64": {
      "optional": true
    },
    "node_modules/rhx-win32-x64": {
      "version": "0.3.1",
      "resolved": "https://registry.npmjs.org/rhx-win32-x64/-/rhx-win32-x64-0.3.1.tgz",
      "integrity": "sha512-OPo2ktGMs0FOyvmJve9SWK4nIH7JOG8XyLD+O7TwD2AunsZuVoJKCYA8YwJuhcS5Edyno6Y70ssjuHLWsNro5w==",
      "cpu": [
        "x64"
      ],
      "license": "MIT",
      "optional": true,
      "os": [
        "win32"
      ],
      "bin": {
        "rhx-native": "bin/rhx.exe"
      }
    }
  }
}
